// !$*UTF8*$!
{
	archiveVersion = 1;
	classes = {
	};
	objectVersion = 55;
	objects = {

/* Begin PBXBuildFile section */
		9783706228203F1100A69999 /* AppDelegate.swift in Sources */ = {isa = PBXBuildFile; fileRef = 9783706128203F1100A69999 /* AppDelegate.swift */; };
		9783706428203F1100A69999 /* SceneDelegate.swift in Sources */ = {isa = PBXBuildFile; fileRef = 9783706328203F1100A69999 /* SceneDelegate.swift */; };
		9783706628203F1100A69999 /* ViewController.swift in Sources */ = {isa = PBXBuildFile; fileRef = 9783706528203F1100A69999 /* ViewController.swift */; };
		9783706928203F1100A69999 /* Main.storyboard in Resources */ = {isa = PBXBuildFile; fileRef = 9783706728203F1100A69999 /* Main.storyboard */; };
		9783706B28203F1200A69999 /* Assets.xcassets in Resources */ = {isa = PBXBuildFile; fileRef = 9783706A28203F1200A69999 /* Assets.xcassets */; };
		9783706E28203F1200A69999 /* LaunchScreen.storyboard in Resources */ = {isa = PBXBuildFile; fileRef = 9783706C28203F1200A69999 /* LaunchScreen.storyboard */; };
		9783707928203F1200A69999 /* IMCTests.swift in Sources */ = {isa = PBXBuildFile; fileRef = 9783707828203F1200A69999 /* IMCTests.swift */; };
		9783708328203F1200A69999 /* IMCUITests.swift in Sources */ = {isa = PBXBuildFile; fileRef = 9783708228203F1200A69999 /* IMCUITests.swift */; };
		9783708528203F1200A69999 /* IMCUITestsLaunchTests.swift in Sources */ = {isa = PBXBuildFile; fileRef = 9783708428203F1200A69999 /* IMCUITestsLaunchTests.swift */; };
/* End PBXBuildFile section */

/* Begin PBXContainerItemProxy section */
		9783707528203F1200A69999 /* PBXContainerItemProxy */ = {
			isa = PBXContainerItemProxy;
			containerPortal = 9783705628203F1100A69999 /* Project object */;
			proxyType = 1;
			remoteGlobalIDString = 9783705D28203F1100A69999;
			remoteInfo = IMC;
		};
		9783707F28203F1200A69999 /* PBXContainerItemProxy */ = {
			isa = PBXContainerItemProxy;
			containerPortal = 9783705628203F1100A69999 /* Project object */;
			proxyType = 1;
			remoteGlobalIDString = 9783705D28203F1100A69999;
			remoteInfo = IMC;
		};
/* End PBXContainerItemProxy section */

/* Begin PBXFileReference section */
		9783705E28203F1100A69999 /* IMC.app */ = {isa = PBXFileReference; explicitFileType = wrapper.application; includeInIndex = 0; path = IMC.app; sourceTree = BUILT_PRODUCTS_DIR; };
		9783706128203F1100A69999 /* AppDelegate.swift */ = {isa = PBXFileReference; lastKnownFileType = sourcecode.swift; path = AppDelegate.swift; sourceTree = "<group>"; };
		9783706328203F1100A69999 /* SceneDelegate.swift */ = {isa = PBXFileReference; lastKnownFileType = sourcecode.swift; path = SceneDelegate.swift; sourceTree = "<group>"; };
		9783706528203F1100A69999 /* ViewController.swift */ = {isa = PBXFileReference; lastKnownFileType = sourcecode.swift; path = ViewController.swift; sourceTree = "<group>"; };
		9783706828203F1100A69999 /* Base */ = {isa = PBXFileReference; lastKnownFileType = file.storyboard; name = Base; path = Base.lproj/Main.storyboard; sourceTree = "<group>"; };
		9783706A28203F1200A69999 /* Assets.xcassets */ = {isa = PBXFileReference; lastKnownFileType = folder.assetcatalog; path = Assets.xcassets; sourceTree = "<group>"; };
		9783706D28203F1200A69999 /* Base */ = {isa = PBXFileReference; lastKnownFileType = file.storyboard; name = Base; path = Base.lproj/LaunchScreen.storyboard; sourceTree = "<group>"; };
		9783706F28203F1200A69999 /* Info.plist */ = {isa = PBXFileReference; lastKnownFileType = text.plist.xml; path = Info.plist; sourceTree = "<group>"; };
		9783707428203F1200A69999 /* IMCTests.xctest */ = {isa = PBXFileReference; explicitFileType = wrapper.cfbundle; includeInIndex = 0; path = IMCTests.xctest; sourceTree = BUILT_PRODUCTS_DIR; };
		9783707828203F1200A69999 /* IMCTests.swift */ = {isa = PBXFileReference; lastKnownFileType = sourcecode.swift; path = IMCTests.swift; sourceTree = "<group>"; };
		9783707E28203F1200A69999 /* IMCUITests.xctest */ = {isa = PBXFileReference; explicitFileType = wrapper.cfbundle; includeInIndex = 0; path = IMCUITests.xctest; sourceTree = BUILT_PRODUCTS_DIR; };
		9783708228203F1200A69999 /* IMCUITests.swift */ = {isa = PBXFileReference; lastKnownFileType = sourcecode.swift; path = IMCUITests.swift; sourceTree = "<group>"; };
		9783708428203F1200A69999 /* IMCUITestsLaunchTests.swift */ = {isa = PBXFileReference; lastKnownFileType = sourcecode.swift; path = IMCUITestsLaunchTests.swift; sourceTree = "<group>"; };
/* End PBXFileReference section */

/* Begin PBXFrameworksBuildPhase section */
		9783705B28203F1100A69999 /* Frameworks */ = {
			isa = PBXFrameworksBuildPhase;
			buildActionMask = 2147483647;
			files = (
			);
			runOnlyForDeploymentPostprocessing = 0;
		};
		9783707128203F1200A69999 /* Frameworks */ = {
			isa = PBXFrameworksBuildPhase;
			buildActionMask = 2147483647;
			files = (
			);
			runOnlyForDeploymentPostprocessing = 0;
		};
		9783707B28203F1200A69999 /* Frameworks */ = {
			isa = PBXFrameworksBuildPhase;
			buildActionMask = 2147483647;
			files = (
			);
			runOnlyForDeploymentPostprocessing = 0;
		};
/* End PBXFrameworksBuildPhase section */

/* Begin PBXGroup section */
		9783705528203F1100A69999 = {
			isa = PBXGroup;
			children = (
				9783706028203F1100A69999 /* IMC */,
				9783707728203F1200A69999 /* IMCTests */,
				9783708128203F1200A69999 /* IMCUITests */,
				9783705F28203F1100A69999 /* Products */,
			);
			sourceTree = "<group>";
		};
		9783705F28203F1100A69999 /* Products */ = {
			isa = PBXGroup;
			children = (
				9783705E28203F1100A69999 /* IMC.app */,
				9783707428203F1200A69999 /* IMCTests.xctest */,
				9783707E28203F1200A69999 /* IMCUITests.xctest */,
			);
			name = Products;
			sourceTree = "<group>";
		};
		9783706028203F1100A69999 /* IMC */ = {
			isa = PBXGroup;
			children = (
				9783706128203F1100A69999 /* AppDelegate.swift */,
				9783706328203F1100A69999 /* SceneDelegate.swift */,
				9783706528203F1100A69999 /* ViewController.swift */,
				9783706728203F1100A69999 /* Main.storyboard */,
				9783706A28203F1200A69999 /* Assets.xcassets */,
				9783706C28203F1200A69999 /* LaunchScreen.storyboard */,
				9783706F28203F1200A69999 /* Info.plist */,
			);
			path = IMC;
			sourceTree = "<group>";
		};
		9783707728203F1200A69999 /* IMCTests */ = {
			isa = PBXGroup;
			children = (
				9783707828203F1200A69999 /* IMCTests.swift */,
			);
			path = IMCTests;
			sourceTree = "<group>";
		};
		9783708128203F1200A69999 /* IMCUITests */ = {
			isa = PBXGroup;
			children = (
				9783708228203F1200A69999 /* IMCUITests.swift */,
				9783708428203F1200A69999 /* IMCUITestsLaunchTests.swift */,
			);
			path = IMCUITests;
			sourceTree = "<group>";
		};
/* End PBXGroup section */

/* Begin PBXNativeTarget section */
		9783705D28203F1100A69999 /* IMC */ = {
			isa = PBXNativeTarget;
			buildConfigurationList = 9783708828203F1200A69999 /* Build configuration list for PBXNativeTarget "IMC" */;
			buildPhases = (
				9783705A28203F1100A69999 /* Sources */,
				9783705B28203F1100A69999 /* Frameworks */,
				9783705C28203F1100A69999 /* Resources */,
			);
			buildRules = (
			);
			dependencies = (
			);
			name = IMC;
			productName = IMC;
			productReference = 9783705E28203F1100A69999 /* IMC.app */;
			productType = "com.apple.product-type.application";
		};
		9783707328203F1200A69999 /* IMCTests */ = {
			isa = PBXNativeTarget;
			buildConfigurationList = 9783708B28203F1200A69999 /* Build configuration list for PBXNativeTarget "IMCTests" */;
			buildPhases = (
				9783707028203F1200A69999 /* Sources */,
				9783707128203F1200A69999 /* Frameworks */,
				9783707228203F1200A69999 /* Resources */,
			);
			buildRules = (
			);
			dependencies = (
				9783707628203F1200A69999 /* PBXTargetDependency */,
			);
			name = IMCTests;
			productName = IMCTests;
			productReference = 9783707428203F1200A69999 /* IMCTests.xctest */;
			productType = "com.apple.product-type.bundle.unit-test";
		};
		9783707D28203F1200A69999 /* IMCUITests */ = {
			isa = PBXNativeTarget;
			buildConfigurationList = 9783708E28203F1200A69999 /* Build configuration list for PBXNativeTarget "IMCUITests" */;
			buildPhases = (
				9783707A28203F1200A69999 /* Sources */,
				9783707B28203F1200A69999 /* Frameworks */,
				9783707C28203F1200A69999 /* Resources */,
			);
			buildRules = (
			);
			dependencies = (
				9783708028203F1200A69999 /* PBXTargetDependency */,
			);
			name = IMCUITests;
			productName = IMCUITests;
			productReference = 9783707E28203F1200A69999 /* IMCUITests.xctest */;
			productType = "com.apple.product-type.bundle.ui-testing";
		};
/* End PBXNativeTarget section */

/* Begin PBXProject section */
		9783705628203F1100A69999 /* Project object */ = {
			isa = PBXProject;
			attributes = {
				BuildIndependentTargetsInParallel = 1;
				LastSwiftUpdateCheck = 1330;
				LastUpgradeCheck = 1330;
				TargetAttributes = {
					9783705D28203F1100A69999 = {
						CreatedOnToolsVersion = 13.3.1;
					};
					9783707328203F1200A69999 = {
						CreatedOnToolsVersion = 13.3.1;
						TestTargetID = 9783705D28203F1100A69999;
					};
					9783707D28203F1200A69999 = {
						CreatedOnToolsVersion = 13.3.1;
						TestTargetID = 9783705D28203F1100A69999;
					};
				};
			};
			buildConfigurationList = 9783705928203F1100A69999 /* Build configuration list for PBXProject "IMC" */;
			compatibilityVersion = "Xcode 13.0";
			developmentRegion = en;
			hasScannedForEncodings = 0;
			knownRegions = (
				en,
				Base,
			);
			mainGroup = 9783705528203F1100A69999;
			productRefGroup = 9783705F28203F1100A69999 /* Products */;
			projectDirPath = "";
			projectRoot = "";
			targets = (
				9783705D28203F1100A69999 /* IMC */,
				9783707328203F1200A69999 /* IMCTests */,
				9783707D28203F1200A69999 /* IMCUITests */,
			);
		};
/* End PBXProject section */

/* Begin PBXResourcesBuildPhase section */
		9783705C28203F1100A69999 /* Resources */ = {
			isa = PBXResourcesBuildPhase;
			buildActionMask = 2147483647;
			files = (
				9783706E28203F1200A69999 /* LaunchScreen.storyboard in Resources */,
				9783706B28203F1200A69999 /* Assets.xcassets in Resources */,
				9783706928203F1100A69999 /* Main.storyboard in Resources */,
			);
			runOnlyForDeploymentPostprocessing = 0;
		};
		9783707228203F1200A69999 /* Resources */ = {
			isa = PBXResourcesBuildPhase;
			buildActionMask = 2147483647;
			files = (
			);
			runOnlyForDeploymentPostprocessing = 0;
		};
		9783707C28203F1200A69999 /* Resources */ = {
			isa = PBXResourcesBuildPhase;
			buildActionMask = 2147483647;
			files = (
			);
			runOnlyForDeploymentPostprocessing = 0;
		};
/* End PBXResourcesBuildPhase section */

/* Begin PBXSourcesBuildPhase section */
		9783705A28203F1100A69999 /* Sources */ = {
			isa = PBXSourcesBuildPhase;
			buildActionMask = 2147483647;
			files = (
				9783706628203F1100A69999 /* ViewController.swift in Sources */,
				9783706228203F1100A69999 /* AppDelegate.swift in Sources */,
				9783706428203F1100A69999 /* SceneDelegate.swift in Sources */,
			);
			runOnlyForDeploymentPostprocessing = 0;
		};
		9783707028203F1200A69999 /* Sources */ = {
			isa = PBXSourcesBuildPhase;
			buildActionMask = 2147483647;
			files = (
				9783707928203F1200A69999 /* IMCTests.swift in Sources */,
			);
			runOnlyForDeploymentPostprocessing = 0;
		};
		9783707A28203F1200A69999 /* Sources */ = {
			isa = PBXSourcesBuildPhase;
			buildActionMask = 2147483647;
			files = (
				9783708528203F1200A69999 /* IMCUITestsLaunchTests.swift in Sources */,
				9783708328203F1200A69999 /* IMCUITests.swift in Sources */,
			);
			runOnlyForDeploymentPostprocessing = 0;
		};
/* End PBXSourcesBuildPhase section */

/* Begin PBXTargetDependency section */
		9783707628203F1200A69999 /* PBXTargetDependency */ = {
			isa = PBXTargetDependency;
			target = 9783705D28203F1100A69999 /* IMC */;
			targetProxy = 9783707528203F1200A69999 /* PBXContainerItemProxy */;
		};
		9783708028203F1200A69999 /* PBXTargetDependency */ = {
			isa = PBXTargetDependency;
			target = 9783705D28203F1100A69999 /* IMC */;
			targetProxy = 9783707F28203F1200A69999 /* PBXContainerItemProxy */;
		};
/* End PBXTargetDependency section */

/* Begin PBXVariantGroup section */
		9783706728203F1100A69999 /* Main.storyboard */ = {
			isa = PBXVariantGroup;
			children = (
				9783706828203F1100A69999 /* Base */,
			);
			name = Main.storyboard;
			sourceTree = "<group>";
		};
		9783706C28203F1200A69999 /* LaunchScreen.storyboard */ = {
			isa = PBXVariantGroup;
			children = (
				9783706D28203F1200A69999 /* Base */,
			);
			name = LaunchScreen.storyboard;
			sourceTree = "<group>";
		};
/* End PBXVariantGroup section */

/* Begin XCBuildConfiguration section */
		9783708628203F1200A69999 /* Debug */ = {
			isa = XCBuildConfiguration;
			buildSettings = {
				ALWAYS_SEARCH_USER_PATHS = NO;
				CLANG_ANALYZER_NONNULL = YES;
				CLANG_ANALYZER_NUMBER_OBJECT_CONVERSION = YES_AGGRESSIVE;
				CLANG_CXX_LANGUAGE_STANDARD = "gnu++17";
				CLANG_ENABLE_MODULES = YES;
				CLANG_ENABLE_OBJC_ARC = YES;
				CLANG_ENABLE_OBJC_WEAK = YES;
				CLANG_WARN_BLOCK_CAPTURE_AUTORELEASING = YES;
				CLANG_WARN_BOOL_CONVERSION = YES;
				CLANG_WARN_COMMA = YES;
				CLANG_WARN_CONSTANT_CONVERSION = YES;
				CLANG_WARN_DEPRECATED_OBJC_IMPLEMENTATIONS = YES;
				CLANG_WARN_DIRECT_OBJC_ISA_USAGE = YES_ERROR;
				CLANG_WARN_DOCUMENTATION_COMMENTS = YES;
				CLANG_WARN_EMPTY_BODY = YES;
				CLANG_WARN_ENUM_CONVERSION = YES;
				CLANG_WARN_INFINITE_RECURSION = YES;
				CLANG_WARN_INT_CONVERSION = YES;
				CLANG_WARN_NON_LITERAL_NULL_CONVERSION = YES;
				CLANG_WARN_OBJC_IMPLICIT_RETAIN_SELF = YES;
				CLANG_WARN_OBJC_LITERAL_CONVERSION = YES;
				CLANG_WARN_OBJC_ROOT_CLASS = YES_ERROR;
				CLANG_WARN_QUOTED_INCLUDE_IN_FRAMEWORK_HEADER = YES;
				CLANG_WARN_RANGE_LOOP_ANALYSIS = YES;
				CLANG_WARN_STRICT_PROTOTYPES = YES;
				CLANG_WARN_SUSPICIOUS_MOVE = YES;
				CLANG_WARN_UNGUARDED_AVAILABILITY = YES_AGGRESSIVE;
				CLANG_WARN_UNREACHABLE_CODE = YES;
				CLANG_WARN__DUPLICATE_METHOD_MATCH = YES;
				COPY_PHASE_STRIP = NO;
				DEBUG_INFORMATION_FORMAT = dwarf;
				ENABLE_STRICT_OBJC_MSGSEND = YES;
				ENABLE_TESTABILITY = YES;
				GCC_C_LANGUAGE_STANDARD = gnu11;
				GCC_DYNAMIC_NO_PIC = NO;
				GCC_NO_COMMON_BLOCKS = YES;
				GCC_OPTIMIZATION_LEVEL = 0;
				GCC_PREPROCESSOR_DEFINITIONS = (
					"DEBUG=1",
					"$(inherited)",
				);
				GCC_WARN_64_TO_32_BIT_CONVERSION = YES;
				GCC_WARN_ABOUT_RETURN_TYPE = YES_ERROR;
				GCC_WARN_UNDECLARED_SELECTOR = YES;
				GCC_WARN_UNINITIALIZED_AUTOS = YES_AGGRESSIVE;
				GCC_WARN_UNUSED_FUNCTION = YES;
				GCC_WARN_UNUSED_VARIABLE = YES;
				IPHONEOS_DEPLOYMENT_TARGET = 15.4;
				MTL_ENABLE_DEBUG_INFO = INCLUDE_SOURCE;
				MTL_FAST_MATH = YES;
				ONLY_ACTIVE_ARCH = YES;
				SDKROOT = iphoneos;
				SWIFT_ACTIVE_COMPILATION_CONDITIONS = DEBUG;
				SWIFT_OPTIMIZATION_LEVEL = "-Onone";
			};
			name = Debug;
		};
		9783708728203F1200A69999 /* Release */ = {
			isa = XCBuildConfiguration;
			buildSettings = {
				ALWAYS_SEARCH_USER_PATHS = NO;
				CLANG_ANALYZER_NONNULL = YES;
				CLANG_ANALYZER_NUMBER_OBJECT_CONVERSION = YES_AGGRESSIVE;
				CLANG_CXX_LANGUAGE_STANDARD = "gnu++17";
				CLANG_ENABLE_MODULES = YES;
				CLANG_ENABLE_OBJC_ARC = YES;
				CLANG_ENABLE_OBJC_WEAK = YES;
				CLANG_WARN_BLOCK_CAPTURE_AUTORELEASING = YES;
				CLANG_WARN_BOOL_CONVERSION = YES;
				CLANG_WARN_COMMA = YES;
				CLANG_WARN_CONSTANT_CONVERSION = YES;
				CLANG_WARN_DEPRECATED_OBJC_IMPLEMENTATIONS = YES;
				CLANG_WARN_DIRECT_OBJC_ISA_USAGE = YES_ERROR;
				CLANG_WARN_DOCUMENTATION_COMMENTS = YES;
				CLANG_WARN_EMPTY_BODY = YES;
				CLANG_WARN_ENUM_CONVERSION = YES;
				CLANG_WARN_INFINITE_RECURSION = YES;
				CLANG_WARN_INT_CONVERSION = YES;
				CLANG_WARN_NON_LITERAL_NULL_CONVERSION = YES;
				CLANG_WARN_OBJC_IMPLICIT_RETAIN_SELF = YES;
				CLANG_WARN_OBJC_LITERAL_CONVERSION = YES;
				CLANG_WARN_OBJC_ROOT_CLASS = YES_ERROR;
				CLANG_WARN_QUOTED_INCLUDE_IN_FRAMEWORK_HEADER = YES;
				CLANG_WARN_RANGE_LOOP_ANALYSIS = YES;
				CLANG_WARN_STRICT_PROTOTYPES = YES;
				CLANG_WARN_SUSPICIOUS_MOVE = YES;
				CLANG_WARN_UNGUARDED_AVAILABILITY = YES_AGGRESSIVE;
				CLANG_WARN_UNREACHABLE_CODE = YES;
				CLANG_WARN__DUPLICATE_METHOD_MATCH = YES;
				COPY_PHASE_STRIP = NO;
				DEBUG_INFORMATION_FORMAT = "dwarf-with-dsym";
				ENABLE_NS_ASSERTIONS = NO;
				ENABLE_STRICT_OBJC_MSGSEND = YES;
				GCC_C_LANGUAGE_STANDARD = gnu11;
				GCC_NO_COMMON_BLOCKS = YES;
				GCC_WARN_64_TO_32_BIT_CONVERSION = YES;
				GCC_WARN_ABOUT_RETURN_TYPE = YES_ERROR;
				GCC_WARN_UNDECLARED_SELECTOR = YES;
				GCC_WARN_UNINITIALIZED_AUTOS = YES_AGGRESSIVE;
				GCC_WARN_UNUSED_FUNCTION = YES;
				GCC_WARN_UNUSED_VARIABLE = YES;
				IPHONEOS_DEPLOYMENT_TARGET = 15.4;
				MTL_ENABLE_DEBUG_INFO = NO;
				MTL_FAST_MATH = YES;
				SDKROOT = iphoneos;
				SWIFT_COMPILATION_MODE = wholemodule;
				SWIFT_OPTIMIZATION_LEVEL = "-O";
				VALIDATE_PRODUCT = YES;
			};
			name = Release;
		};
		9783708928203F1200A69999 /* Debug */ = {
			isa = XCBuildConfiguration;
			buildSettings = {
				ASSETCATALOG_COMPILER_APPICON_NAME = AppIcon;
				ASSETCATALOG_COMPILER_GLOBAL_ACCENT_COLOR_NAME = AccentColor;
				CODE_SIGN_STYLE = Automatic;
				CURRENT_PROJECT_VERSION = 1;
				GENERATE_INFOPLIST_FILE = YES;
				INFOPLIST_FILE = IMC/Info.plist;
				INFOPLIST_KEY_UIApplicationSupportsIndirectInputEvents = YES;
				INFOPLIST_KEY_UILaunchStoryboardName = LaunchScreen;
				INFOPLIST_KEY_UIMainStoryboardFile = Main;
				INFOPLIST_KEY_UISupportedInterfaceOrientations_iPad = "UIInterfaceOrientationPortrait UIInterfaceOrientationPortraitUpsideDown UIInterfaceOrientationLandscapeLeft UIInterfaceOrientationLandscapeRight";
				INFOPLIST_KEY_UISupportedInterfaceOrientations_iPhone = "UIInterfaceOrientationPortrait UIInterfaceOrientationLandscapeLeft UIInterfaceOrientationLandscapeRight";
				LD_RUNPATH_SEARCH_PATHS = (
					"$(inherited)",
					"@executable_path/Frameworks",
				);
				MARKETING_VERSION = 1.0;
				PRODUCT_BUNDLE_IDENTIFIER = com.viniciosdb.IMC;
				PRODUCT_NAME = "$(TARGET_NAME)";
				SWIFT_EMIT_LOC_STRINGS = YES;
				SWIFT_VERSION = 5.0;
				TARGETED_DEVICE_FAMILY = "1,2";
			};
			name = Debug;
		};
		9783708A28203F1200A69999 /* Release */ = {
			isa = XCBuildConfiguration;
			buildSettings = {
				ASSETCATALOG_COMPILER_APPICON_NAME = AppIcon;
				ASSETCATALOG_COMPILER_GLOBAL_ACCENT_COLOR_NAME = AccentColor;
				CODE_SIGN_STYLE = Automatic;
				CURRENT_PROJECT_VERSION = 1;
				GENERATE_INFOPLIST_FILE = YES;
				INFOPLIST_FILE = IMC/Info.plist;
				INFOPLIST_KEY_UIApplicationSupportsIndirectInputEvents = YES;
				INFOPLIST_KEY_UILaunchStoryboardName = LaunchScreen;
				INFOPLIST_KEY_UIMainStoryboardFile = Main;
				INFOPLIST_KEY_UISupportedInterfaceOrientations_iPad = "UIInterfaceOrientationPortrait UIInterfaceOrientationPortraitUpsideDown UIInterfaceOrientationLandscapeLeft UIInterfaceOrientationLandscapeRight";
				INFOPLIST_KEY_UISupportedInterfaceOrientations_iPhone = "UIInterfaceOrientationPortrait UIInterfaceOrientationLandscapeLeft UIInterfaceOrientationLandscapeRight";
				LD_RUNPATH_SEARCH_PATHS = (
					"$(inherited)",
					"@executable_path/Frameworks",
				);
				MARKETING_VERSION = 1.0;
				PRODUCT_BUNDLE_IDENTIFIER = com.viniciosdb.IMC;
				PRODUCT_NAME = "$(TARGET_NAME)";
				SWIFT_EMIT_LOC_STRINGS = YES;
				SWIFT_VERSION = 5.0;
				TARGETED_DEVICE_FAMILY = "1,2";
			};
			name = Release;
		};
		9783708C28203F1200A69999 /* Debug */ = {
			isa = XCBuildConfiguration;
			buildSettings = {
				ALWAYS_EMBED_SWIFT_STANDARD_LIBRARIES = YES;
				BUNDLE_LOADER = "$(TEST_HOST)";
				CODE_SIGN_STYLE = Automatic;
				CURRENT_PROJECT_VERSION = 1;
				GENERATE_INFOPLIST_FILE = YES;
				IPHONEOS_DEPLOYMENT_TARGET = 15.4;
				MARKETING_VERSION = 1.0;
				PRODUCT_BUNDLE_IDENTIFIER = com.viniciosdb.IMCTests;
				PRODUCT_NAME = "$(TARGET_NAME)";
				SWIFT_EMIT_LOC_STRINGS = NO;
				SWIFT_VERSION = 5.0;
				TARGETED_DEVICE_FAMILY = "1,2";
				TEST_HOST = "$(BUILT_PRODUCTS_DIR)/IMC.app/IMC";
			};
			name = Debug;
		};
		9783708D28203F1200A69999 /* Release */ = {
			isa = XCBuildConfiguration;
			buildSettings = {
				ALWAYS_EMBED_SWIFT_STANDARD_LIBRARIES = YES;
				BUNDLE_LOADER = "$(TEST_HOST)";
				CODE_SIGN_STYLE = Automatic;
				CURRENT_PROJECT_VERSION = 1;
				GENERATE_INFOPLIST_FILE = YES;
				IPHONEOS_DEPLOYMENT_TARGET = 15.4;
				MARKETING_VERSION = 1.0;
				PRODUCT_BUNDLE_IDENTIFIER = com.viniciosdb.IMCTests;
				PRODUCT_NAME = "$(TARGET_NAME)";
				SWIFT_EMIT_LOC_STRINGS = NO;
				SWIFT_VERSION = 5.0;
				TARGETED_DEVICE_FAMILY = "1,2";
				TEST_HOST = "$(BUILT_PRODUCTS_DIR)/IMC.app/IMC";
			};
			name = Release;
		};
		9783708F28203F1200A69999 /* Debug */ = {
			isa = XCBuildConfiguration;
			buildSettings = {
				ALWAYS_EMBED_SWIFT_STANDARD_LIBRARIES = YES;
				CODE_SIGN_STYLE = Automatic;
				CURRENT_PROJECT_VERSION = 1;
				GENERATE_INFOPLIST_FILE = YES;
				MARKETING_VERSION = 1.0;
				PRODUCT_BUNDLE_IDENTIFIER = com.viniciosdb.IMCUITests;
				PRODUCT_NAME = "$(TARGET_NAME)";
				SWIFT_EMIT_LOC_STRINGS = NO;
				SWIFT_VERSION = 5.0;
				TARGETED_DEVICE_FAMILY = "1,2";
				TEST_TARGET_NAME = IMC;
			};
			name = Debug;
		};
		9783709028203F1200A69999 /* Release */ = {
			isa = XCBuildConfiguration;
			buildSettings = {
				ALWAYS_EMBED_SWIFT_STANDARD_LIBRARIES = YES;
				CODE_SIGN_STYLE = Automatic;
				CURRENT_PROJECT_VERSION = 1;
				GENERATE_INFOPLIST_FILE = YES;
				MARKETING_VERSION = 1.0;
				PRODUCT_BUNDLE_IDENTIFIER = com.viniciosdb.IMCUITests;
				PRODUCT_NAME = "$(TARGET_NAME)";
				SWIFT_EMIT_LOC_STRINGS = NO;
				SWIFT_VERSION = 5.0;
				TARGETED_DEVICE_FAMILY = "1,2";
				TEST_TARGET_NAME = IMC;
			};
			name = Release;
		};
/* End XCBuildConfiguration section */

/* Begin XCConfigurationList section */
		9783705928203F1100A69999 /* Build configuration list for PBXProject "IMC" */ = {
			isa = XCConfigurationList;
			buildConfigurations = (
				9783708628203F1200A69999 /* Debug */,
				9783708728203F1200A69999 /* Release */,
			);
			defaultConfigurationIsVisible = 0;
			defaultConfigurationName = Release;
		};
		9783708828203F1200A69999 /* Build configuration list for PBXNativeTarget "IMC" */ = {
			isa = XCConfigurationList;
			buildConfigurations = (
				9783708928203F1200A69999 /* Debug */,
				9783708A28203F1200A69999 /* Release */,
			);
			defaultConfigurationIsVisible = 0;
			defaultConfigurationName = Release;
		};
		9783708B28203F1200A69999 /* Build configuration list for PBXNativeTarget "IMCTests" */ = {
			isa = XCConfigurationList;
			buildConfigurations = (
				9783708C28203F1200A69999 /* Debug */,
				9783708D28203F1200A69999 /* Release */,
			);
			defaultConfigurationIsVisible = 0;
			defaultConfigurationName = Release;
		};
		9783708E28203F1200A69999 /* Build configuration list for PBXNativeTarget "IMCUITests" */ = {
			isa = XCConfigurationList;
			buildConfigurations = (
				9783708F28203F1200A69999 /* Debug */,
				9783709028203F1200A69999 /* Release */,
			);
			defaultConfigurationIsVisible = 0;
			defaultConfigurationName = Release;
		};
/* End XCConfigurationList section */
	};
	rootObject = 9783705628203F1100A69999 /* Project object */;
}
